
Microsoft Visual Studio Solution File, Format Version 12.00
# Visual Studio Version 16
VisualStudioVersion = 16.0.30804.86
MinimumVisualStudioVersion = 10.0.40219.1
Project("{FAE04EC0-301F-11D3-BF4B-00C04F79EFBC}") = "Problema_15", "Problema_15\Problema_15.csproj", "{97C49F16-0D4B-4958-8C88-E4CC3102AEA7}"
EndProject
Global
	GlobalSection(SolutionConfigurationPlatforms) = preSolution
		Debug|Any CPU = Debug|Any CPU
		Release|Any CPU = Release|Any CPU
	EndGlobalSection
	GlobalSection(ProjectConfigurationPlatforms) = postSolution
		{97C49F16-0D4B-4958-8C88-E4CC3102AEA7}.Debug|Any CPU.ActiveCfg = Debug|Any CPU
		{97C49F16-0D4B-4958-8C88-E4CC3102AEA7}.Debug|Any CPU.Build.0 = Debug|Any CPU
		{97C49F16-0D4B-4958-8C88-E4CC3102AEA7}.Release|Any CPU.ActiveCfg = Release|Any CPU
		{97C49F16-0D4B-4958-8C88-E4CC3102AEA7}.Release|Any CPU.Build.0 = Release|Any CPU
	EndGlobalSection
	GlobalSection(SolutionProperties) = preSolution
		HideSolutionNode = FALSE
	EndGlobalSection
	GlobalSection(ExtensibilityGlobals) = postSolution
		SolutionGuid = {47DE52A6-AAC9-49FB-8E30-EF315D506975}
	EndGlobalSection
EndGlobal
